Microsoft Visual Studio Solution File, Format Version 10.00
# Visual Studio 2008
Project("{FAE04EC0-301F-11D3-BF4B-00C04F79EFBC}") = "SampleHookingApp", "SampleHookingApp\SampleHookingApp.csproj", "{104E5612-CF7C-4F1F-B98F-04446E42280A}"
EndProject
Project("{8BC9CEB8-8B4A-11D0-8D11-00A0C91BC942}") = "SystemHookCore", "SystemHookCore\SystemHookCore.vcproj", "{A558485A-58F7-4748-A0BE-EE1BB01732F5}"
EndProject
Project("{FAE04EC0-301F-11D3-BF4B-00C04F79EFBC}") = "ManagedHooks", "ManagedHooks\ManagedHooks.csproj", "{C88B254C-9091-4D14-B8CE-8A79135E9DA0}"
	ProjectSection(ProjectDependencies) = postProject
		{A558485A-58F7-4748-A0BE-EE1BB01732F5} = {A558485A-58F7-4748-A0BE-EE1BB01732F5}
	EndProjectSection
EndProject
Project("{FAE04EC0-301F-11D3-BF4B-00C04F79EFBC}") = "ManagedHooksTests", "ManagedHooksTests\ManagedHooksTests.csproj", "{27FD5E11-213D-46AD-9BB8-A4B01652548C}"
	ProjectSection(ProjectDependencies) = postProject
		{C88B254C-9091-4D14-B8CE-8A79135E9DA0} = {C88B254C-9091-4D14-B8CE-8A79135E9DA0}
	EndProjectSection
EndProject
Project("{2150E333-8FDC-42A3-9474-1A3956D46DE8}") = "Solution Items", "Solution Items", "{37EFF21B-57C1-41FE-B667-3D9DA0F40C2E}"
	ProjectSection(SolutionItems) = preProject
		Documentation\Managed Hooks.chm = Documentation\Managed Hooks.chm
		Documentation\ManagedHooks.ndoc = Documentation\ManagedHooks.ndoc
	EndProjectSection
EndProject
Global
	GlobalSection(SolutionConfigurationPlatforms) = preSolution
		Debug|Any CPU = Debug|Any CPU
		Debug|Mixed Platforms = Debug|Mixed Platforms
		Debug|Win32 = Debug|Win32
		Documentation|Any CPU = Documentation|Any CPU
		Documentation|Mixed Platforms = Documentation|Mixed Platforms
		Documentation|Win32 = Documentation|Win32
		Release|Any CPU = Release|Any CPU
		Release|Mixed Platforms = Release|Mixed Platforms
		Release|Win32 = Release|Win32
	EndGlobalSection
	GlobalSection(ProjectConfigurationPlatforms) = postSolution
		{104E5612-CF7C-4F1F-B98F-04446E42280A}.Debug|Any CPU.ActiveCfg = Debug|Any CPU
		{104E5612-CF7C-4F1F-B98F-04446E42280A}.Debug|Any CPU.Build.0 = Debug|Any CPU
		{104E5612-CF7C-4F1F-B98F-04446E42280A}.Debug|Mixed Platforms.ActiveCfg = Debug|Any CPU
		{104E5612-CF7C-4F1F-B98F-04446E42280A}.Debug|Mixed Platforms.Build.0 = Debug|Any CPU
		{104E5612-CF7C-4F1F-B98F-04446E42280A}.Debug|Win32.ActiveCfg = Debug|Any CPU
		{104E5612-CF7C-4F1F-B98F-04446E42280A}.Documentation|Any CPU.ActiveCfg = Documentation|Any CPU
		{104E5612-CF7C-4F1F-B98F-04446E42280A}.Documentation|Any CPU.Build.0 = Documentation|Any CPU
		{104E5612-CF7C-4F1F-B98F-04446E42280A}.Documentation|Mixed Platforms.ActiveCfg = Documentation|Any CPU
		{104E5612-CF7C-4F1F-B98F-04446E42280A}.Documentation|Mixed Platforms.Build.0 = Documentation|Any CPU
		{104E5612-CF7C-4F1F-B98F-04446E42280A}.Documentation|Win32.ActiveCfg = Documentation|Any CPU
		{104E5612-CF7C-4F1F-B98F-04446E42280A}.Release|Any CPU.ActiveCfg = Release|Any CPU
		{104E5612-CF7C-4F1F-B98F-04446E42280A}.Release|Any CPU.Build.0 = Release|Any CPU
		{104E5612-CF7C-4F1F-B98F-04446E42280A}.Release|Mixed Platforms.ActiveCfg = Release|Any CPU
		{104E5612-CF7C-4F1F-B98F-04446E42280A}.Release|Mixed Platforms.Build.0 = Release|Any CPU
		{104E5612-CF7C-4F1F-B98F-04446E42280A}.Release|Win32.ActiveCfg = Release|Any CPU
		{A558485A-58F7-4748-A0BE-EE1BB01732F5}.Debug|Any CPU.ActiveCfg = Debug|Win32
		{A558485A-58F7-4748-A0BE-EE1BB01732F5}.Debug|Mixed Platforms.ActiveCfg = Debug|Win32
		{A558485A-58F7-4748-A0BE-EE1BB01732F5}.Debug|Mixed Platforms.Build.0 = Debug|Win32
		{A558485A-58F7-4748-A0BE-EE1BB01732F5}.Debug|Win32.ActiveCfg = Debug|Win32
		{A558485A-58F7-4748-A0BE-EE1BB01732F5}.Debug|Win32.Build.0 = Debug|Win32
		{A558485A-58F7-4748-A0BE-EE1BB01732F5}.Documentation|Any CPU.ActiveCfg = Documentation|Win32
		{A558485A-58F7-4748-A0BE-EE1BB01732F5}.Documentation|Mixed Platforms.ActiveCfg = Documentation|Win32
		{A558485A-58F7-4748-A0BE-EE1BB01732F5}.Documentation|Mixed Platforms.Build.0 = Documentation|Win32
		{A558485A-58F7-4748-A0BE-EE1BB01732F5}.Documentation|Win32.ActiveCfg = Documentation|Win32
		{A558485A-58F7-4748-A0BE-EE1BB01732F5}.Documentation|Win32.Build.0 = Documentation|Win32
		{A558485A-58F7-4748-A0BE-EE1BB01732F5}.Release|Any CPU.ActiveCfg = Release|Win32
		{A558485A-58F7-4748-A0BE-EE1BB01732F5}.Release|Mixed Platforms.ActiveCfg = Release|Win32
		{A558485A-58F7-4748-A0BE-EE1BB01732F5}.Release|Mixed Platforms.Build.0 = Release|Win32
		{A558485A-58F7-4748-A0BE-EE1BB01732F5}.Release|Win32.ActiveCfg = Release|Win32
		{A558485A-58F7-4748-A0BE-EE1BB01732F5}.Release|Win32.Build.0 = Release|Win32
		{C88B254C-9091-4D14-B8CE-8A79135E9DA0}.Debug|Any CPU.ActiveCfg = Debug|Any CPU
		{C88B254C-9091-4D14-B8CE-8A79135E9DA0}.Debug|Any CPU.Build.0 = Debug|Any CPU
		{C88B254C-9091-4D14-B8CE-8A79135E9DA0}.Debug|Mixed Platforms.ActiveCfg = Debug|Any CPU
		{C88B254C-9091-4D14-B8CE-8A79135E9DA0}.Debug|Mixed Platforms.Build.0 = Debug|Any CPU
		{C88B254C-9091-4D14-B8CE-8A79135E9DA0}.Debug|Win32.ActiveCfg = Debug|Any CPU
		{C88B254C-9091-4D14-B8CE-8A79135E9DA0}.Documentation|Any CPU.ActiveCfg = Documentation|Any CPU
		{C88B254C-9091-4D14-B8CE-8A79135E9DA0}.Documentation|Any CPU.Build.0 = Documentation|Any CPU
		{C88B254C-9091-4D14-B8CE-8A79135E9DA0}.Documentation|Mixed Platforms.ActiveCfg = Documentation|Any CPU
		{C88B254C-9091-4D14-B8CE-8A79135E9DA0}.Documentation|Mixed Platforms.Build.0 = Documentation|Any CPU
		{C88B254C-9091-4D14-B8CE-8A79135E9DA0}.Documentation|Win32.ActiveCfg = Documentation|Any CPU
		{C88B254C-9091-4D14-B8CE-8A79135E9DA0}.Release|Any CPU.ActiveCfg = Release|Any CPU
		{C88B254C-9091-4D14-B8CE-8A79135E9DA0}.Release|Any CPU.Build.0 = Release|Any CPU
		{C88B254C-9091-4D14-B8CE-8A79135E9DA0}.Release|Mixed Platforms.ActiveCfg = Release|Any CPU
		{C88B254C-9091-4D14-B8CE-8A79135E9DA0}.Release|Mixed Platforms.Build.0 = Release|Any CPU
		{C88B254C-9091-4D14-B8CE-8A79135E9DA0}.Release|Win32.ActiveCfg = Release|Any CPU
		{27FD5E11-213D-46AD-9BB8-A4B01652548C}.Debug|Any CPU.ActiveCfg = Debug|Any CPU
		{27FD5E11-213D-46AD-9BB8-A4B01652548C}.Debug|Any CPU.Build.0 = Debug|Any CPU
		{27FD5E11-213D-46AD-9BB8-A4B01652548C}.Debug|Mixed Platforms.ActiveCfg = Debug|Any CPU
		{27FD5E11-213D-46AD-9BB8-A4B01652548C}.Debug|Mixed Platforms.Build.0 = Debug|Any CPU
		{27FD5E11-213D-46AD-9BB8-A4B01652548C}.Debug|Win32.ActiveCfg = Debug|Any CPU
		{27FD5E11-213D-46AD-9BB8-A4B01652548C}.Documentation|Any CPU.ActiveCfg = Debug|Any CPU
		{27FD5E11-213D-46AD-9BB8-A4B01652548C}.Documentation|Any CPU.Build.0 = Debug|Any CPU
		{27FD5E11-213D-46AD-9BB8-A4B01652548C}.Documentation|Mixed Platforms.ActiveCfg = Debug|Any CPU
		{27FD5E11-213D-46AD-9BB8-A4B01652548C}.Documentation|Mixed Platforms.Build.0 = Debug|Any CPU
		{27FD5E11-213D-46AD-9BB8-A4B01652548C}.Documentation|Win32.ActiveCfg = Debug|Any CPU
		{27FD5E11-213D-46AD-9BB8-A4B01652548C}.Release|Any CPU.ActiveCfg = Release|Any CPU
		{27FD5E11-213D-46AD-9BB8-A4B01652548C}.Release|Any CPU.Build.0 = Release|Any CPU
		{27FD5E11-213D-46AD-9BB8-A4B01652548C}.Release|Mixed Platforms.ActiveCfg = Release|Any CPU
		{27FD5E11-213D-46AD-9BB8-A4B01652548C}.Release|Mixed Platforms.Build.0 = Release|Any CPU
		{27FD5E11-213D-46AD-9BB8-A4B01652548C}.Release|Win32.ActiveCfg = Release|Any CPU
	EndGlobalSection
	GlobalSection(SolutionProperties) = preSolution
		HideSolutionNode = FALSE
	EndGlobalSection
EndGlobal
